
Microsoft Visual Studio Solution File, Format Version 12.00
# Visual Studio Version 17
VisualStudioVersion = 17.14.36119.2
MinimumVisualStudioVersion = 10.0.40219.1
Project("{8BC9CEB8-8B4A-11D0-8D11-00A0C91BC942}") = "zDriver", "zDriver\zDriver.vcxproj", "{6BD9445A-BDBE-4540-BA3F-1F2B3D59687F}"
EndProject
Project("{8BC9CEB8-8B4A-11D0-8D11-00A0C91BC942}") = "Test", "Test\Test.vcxproj", "{C0CDE4BC-F4B3-4FA5-AB4B-C9A4552F10F1}"
EndProject
Global
	GlobalSection(SolutionConfigurationPlatforms) = preSolution
		Debug|x64 = Debug|x64
		Release|x64 = Release|x64
	EndGlobalSection
	GlobalSection(ProjectConfigurationPlatforms) = postSolution
		{6BD9445A-BDBE-4540-BA3F-1F2B3D59687F}.Debug|x64.ActiveCfg = Release|x64
		{6BD9445A-BDBE-4540-BA3F-1F2B3D59687F}.Debug|x64.Build.0 = Release|x64
		{6BD9445A-BDBE-4540-BA3F-1F2B3D59687F}.Debug|x64.Deploy.0 = Release|x64
		{6BD9445A-BDBE-4540-BA3F-1F2B3D59687F}.Release|x64.ActiveCfg = Release|x64
		{6BD9445A-BDBE-4540-BA3F-1F2B3D59687F}.Release|x64.Build.0 = Release|x64
		{6BD9445A-BDBE-4540-BA3F-1F2B3D59687F}.Release|x64.Deploy.0 = Release|x64
		{C0CDE4BC-F4B3-4FA5-AB4B-C9A4552F10F1}.Debug|x64.ActiveCfg = Debug|x64
		{C0CDE4BC-F4B3-4FA5-AB4B-C9A4552F10F1}.Debug|x64.Build.0 = Debug|x64
		{C0CDE4BC-F4B3-4FA5-AB4B-C9A4552F10F1}.Release|x64.ActiveCfg = Release|x64
		{C0CDE4BC-F4B3-4FA5-AB4B-C9A4552F10F1}.Release|x64.Build.0 = Release|x64
	EndGlobalSection
	GlobalSection(SolutionProperties) = preSolution
		HideSolutionNode = FALSE
	EndGlobalSection
	GlobalSection(ExtensibilityGlobals) = postSolution
		SolutionGuid = {00CE7D74-8E35-4AB1-98F9-B58473674A06}
	EndGlobalSection
EndGlobal
